
Microsoft Visual Studio Solution File, Format Version 12.00
# Visual Studio 15
VisualStudioVersion = 15.0.28010.2036
MinimumVisualStudioVersion = 10.0.40219.1
Project("{FAE04EC0-301F-11D3-BF4B-00C04F79EFBC}") = "Light-Out Game", "Lights-Out Game\Light-Out Game.csproj", "{BC4346F0-858F-4A1E-8EE2-C2ACEC851284}"
EndProject
Global
	GlobalSection(SolutionConfigurationPlatforms) = preSolution
		Debug|Any CPU = Debug|Any CPU
		Release|Any CPU = Release|Any CPU
	EndGlobalSection
	GlobalSection(ProjectConfigurationPlatforms) = postSolution
		{BC4346F0-858F-4A1E-8EE2-C2ACEC851284}.Debug|Any CPU.ActiveCfg = Debug|Any CPU
		{BC4346F0-858F-4A1E-8EE2-C2ACEC851284}.Debug|Any CPU.Build.0 = Debug|Any CPU
		{BC4346F0-858F-4A1E-8EE2-C2ACEC851284}.Release|Any CPU.ActiveCfg = Release|Any CPU
		{BC4346F0-858F-4A1E-8EE2-C2ACEC851284}.Release|Any CPU.Build.0 = Release|Any CPU
	EndGlobalSection
	GlobalSection(SolutionProperties) = preSolution
		HideSolutionNode = FALSE
	EndGlobalSection
	GlobalSection(ExtensibilityGlobals) = postSolution
		SolutionGuid = {6E39D883-ED6C-45C4-84C5-63FC93E51961}
	EndGlobalSection
EndGlobal
